
Microsoft Visual Studio Solution File, Format Version 12.00
# Visual Studio 15
VisualStudioVersion = 15.0.28010.2019
MinimumVisualStudioVersion = 10.0.40219.1
Project("{FAE04EC0-301F-11D3-BF4B-00C04F79EFBC}") = "Lab1", "Lab1\Lab1.csproj", "{E6FA39FC-5A95-433F-A976-E7628594E958}"
EndProject
Project("{FAE04EC0-301F-11D3-BF4B-00C04F79EFBC}") = "Lab1.Tests", "Lab1.Tests\Lab1.Tests.csproj", "{02E98711-CF7D-4C5A-A25E-F41BACB36A47}"
EndProject
Global
	GlobalSection(SolutionConfigurationPlatforms) = preSolution
		Debug|Any CPU = Debug|Any CPU
		Release|Any CPU = Release|Any CPU
	EndGlobalSection
	GlobalSection(ProjectConfigurationPlatforms) = postSolution
		{E6FA39FC-5A95-433F-A976-E7628594E958}.Debug|Any CPU.ActiveCfg = Debug|Any CPU
		{E6FA39FC-5A95-433F-A976-E7628594E958}.Debug|Any CPU.Build.0 = Debug|Any CPU
		{E6FA39FC-5A95-433F-A976-E7628594E958}.Release|Any CPU.ActiveCfg = Release|Any CPU
		{E6FA39FC-5A95-433F-A976-E7628594E958}.Release|Any CPU.Build.0 = Release|Any CPU
		{02E98711-CF7D-4C5A-A25E-F41BACB36A47}.Debug|Any CPU.ActiveCfg = Debug|Any CPU
		{02E98711-CF7D-4C5A-A25E-F41BACB36A47}.Debug|Any CPU.Build.0 = Debug|Any CPU
		{02E98711-CF7D-4C5A-A25E-F41BACB36A47}.Release|Any CPU.ActiveCfg = Release|Any CPU
		{02E98711-CF7D-4C5A-A25E-F41BACB36A47}.Release|Any CPU.Build.0 = Release|Any CPU
	EndGlobalSection
	GlobalSection(SolutionProperties) = preSolution
		HideSolutionNode = FALSE
	EndGlobalSection
	GlobalSection(ExtensibilityGlobals) = postSolution
		SolutionGuid = {F7CF35C2-5AF3-4FDF-B6E8-EE8DE518D68B}
	EndGlobalSection
EndGlobal
